
Microsoft Visual Studio Solution File, Format Version 12.00
# Visual Studio Version 17
VisualStudioVersion = 17.0.32112.339
MinimumVisualStudioVersion = 10.0.40219.1
Project("{9A19103F-16F7-4668-BE54-9A1E7A4F7556}") = "VirtualAssistantSample", "VirtualAssistantSample.csproj", "{BA4CA527-3F38-4CC9-8856-5BB6CA365932}"
EndProject
Global
	GlobalSection(SolutionConfigurationPlatforms) = preSolution
		Debug|Any CPU = Debug|Any CPU
		Release|Any CPU = Release|Any CPU
	EndGlobalSection
	GlobalSection(ProjectConfigurationPlatforms) = postSolution
		{BA4CA527-3F38-4CC9-8856-5BB6CA365932}.Debug|Any CPU.ActiveCfg = Debug|Any CPU
		{BA4CA527-3F38-4CC9-8856-5BB6CA365932}.Debug|Any CPU.Build.0 = Debug|Any CPU
		{BA4CA527-3F38-4CC9-8856-5BB6CA365932}.Release|Any CPU.ActiveCfg = Release|Any CPU
		{BA4CA527-3F38-4CC9-8856-5BB6CA365932}.Release|Any CPU.Build.0 = Release|Any CPU
	EndGlobalSection
	GlobalSection(SolutionProperties) = preSolution
		HideSolutionNode = FALSE
	EndGlobalSection
	GlobalSection(ExtensibilityGlobals) = postSolution
		SolutionGuid = {D2A67105-2F33-468A-A6E2-62EB908ADCD6}
	EndGlobalSection
EndGlobal
